
Microsoft Visual Studio Solution File, Format Version 12.00
# Visual Studio Version 16
VisualStudioVersion = 16.0.30907.101
MinimumVisualStudioVersion = 10.0.40219.1
Project("{9A19103F-16F7-4668-BE54-9A1E7A4F7556}") = "AccountManagementSystem.Host", "AccountManagementSystem.Host.csproj", "{BD8BE73B-39B7-4E7C-AA0B-81B17006A89F}"
EndProject
Project("{9A19103F-16F7-4668-BE54-9A1E7A4F7556}") = "AccountManagementSystem.Data", "..\AccountManagementSystem.Data\AccountManagementSystem.Data.csproj", "{BBFEC93E-99E0-4923-B46D-0CEFC0983361}"
EndProject
Project("{9A19103F-16F7-4668-BE54-9A1E7A4F7556}") = "AccountManagementSystem.Service", "..\AccountManagementSystem.Service\AccountManagementSystem.Service.csproj", "{921E99CB-7333-45FB-882D-4ACC99774BC4}"
EndProject
Project("{9A19103F-16F7-4668-BE54-9A1E7A4F7556}") = "AccountManagementSystem.Service.Tests", "..\AccountManagementSystem.Service.Tests\AccountManagementSystem.Service.Tests.csproj", "{067831E5-2503-4FBE-A387-D6E0488BE9B8}"
EndProject
Project("{9A19103F-16F7-4668-BE54-9A1E7A4F7556}") = "AccountManagementSystem.Model", "..\AccountManagementSystem.Model\AccountManagementSystem.Model.csproj", "{D76493EF-F0E9-4FC7-B4B5-A878490E6D2B}"
EndProject
Project("{9A19103F-16F7-4668-BE54-9A1E7A4F7556}") = "AccountManagementSystem.Data.Tests", "..\AccountManagementSystem.Data.Tests\AccountManagementSystem.Data.Tests.csproj", "{9420ACBC-C04F-48BD-A60C-8542FBB9166F}"
EndProject
Project("{FAE04EC0-301F-11D3-BF4B-00C04F79EFBC}") = "AccountManagementSystem.Host.Tests", "..\AccountManagementSystem.Host.Tests\AccountManagementSystem.Host.Tests.csproj", "{E48D23C7-99DF-4732-80C5-6309C691E777}"
EndProject
Global
	GlobalSection(SolutionConfigurationPlatforms) = preSolution
		Debug|Any CPU = Debug|Any CPU
		Release|Any CPU = Release|Any CPU
	EndGlobalSection
	GlobalSection(ProjectConfigurationPlatforms) = postSolution
		{BD8BE73B-39B7-4E7C-AA0B-81B17006A89F}.Debug|Any CPU.ActiveCfg = Debug|Any CPU
		{BD8BE73B-39B7-4E7C-AA0B-81B17006A89F}.Debug|Any CPU.Build.0 = Debug|Any CPU
		{BD8BE73B-39B7-4E7C-AA0B-81B17006A89F}.Release|Any CPU.ActiveCfg = Release|Any CPU
		{BD8BE73B-39B7-4E7C-AA0B-81B17006A89F}.Release|Any CPU.Build.0 = Release|Any CPU
		{BBFEC93E-99E0-4923-B46D-0CEFC0983361}.Debug|Any CPU.ActiveCfg = Debug|Any CPU
		{BBFEC93E-99E0-4923-B46D-0CEFC0983361}.Debug|Any CPU.Build.0 = Debug|Any CPU
		{BBFEC93E-99E0-4923-B46D-0CEFC0983361}.Release|Any CPU.ActiveCfg = Release|Any CPU
		{BBFEC93E-99E0-4923-B46D-0CEFC0983361}.Release|Any CPU.Build.0 = Release|Any CPU
		{921E99CB-7333-45FB-882D-4ACC99774BC4}.Debug|Any CPU.ActiveCfg = Debug|Any CPU
		{921E99CB-7333-45FB-882D-4ACC99774BC4}.Debug|Any CPU.Build.0 = Debug|Any CPU
		{921E99CB-7333-45FB-882D-4ACC99774BC4}.Release|Any CPU.ActiveCfg = Release|Any CPU
		{921E99CB-7333-45FB-882D-4ACC99774BC4}.Release|Any CPU.Build.0 = Release|Any CPU
		{067831E5-2503-4FBE-A387-D6E0488BE9B8}.Debug|Any CPU.ActiveCfg = Debug|Any CPU
		{067831E5-2503-4FBE-A387-D6E0488BE9B8}.Debug|Any CPU.Build.0 = Debug|Any CPU
		{067831E5-2503-4FBE-A387-D6E0488BE9B8}.Release|Any CPU.ActiveCfg = Release|Any CPU
		{067831E5-2503-4FBE-A387-D6E0488BE9B8}.Release|Any CPU.Build.0 = Release|Any CPU
		{D76493EF-F0E9-4FC7-B4B5-A878490E6D2B}.Debug|Any CPU.ActiveCfg = Debug|Any CPU
		{D76493EF-F0E9-4FC7-B4B5-A878490E6D2B}.Debug|Any CPU.Build.0 = Debug|Any CPU
		{D76493EF-F0E9-4FC7-B4B5-A878490E6D2B}.Release|Any CPU.ActiveCfg = Release|Any CPU
		{D76493EF-F0E9-4FC7-B4B5-A878490E6D2B}.Release|Any CPU.Build.0 = Release|Any CPU
		{9420ACBC-C04F-48BD-A60C-8542FBB9166F}.Debug|Any CPU.ActiveCfg = Debug|Any CPU
		{9420ACBC-C04F-48BD-A60C-8542FBB9166F}.Debug|Any CPU.Build.0 = Debug|Any CPU
		{9420ACBC-C04F-48BD-A60C-8542FBB9166F}.Release|Any CPU.ActiveCfg = Release|Any CPU
		{9420ACBC-C04F-48BD-A60C-8542FBB9166F}.Release|Any CPU.Build.0 = Release|Any CPU
		{E48D23C7-99DF-4732-80C5-6309C691E777}.Debug|Any CPU.ActiveCfg = Debug|Any CPU
		{E48D23C7-99DF-4732-80C5-6309C691E777}.Debug|Any CPU.Build.0 = Debug|Any CPU
		{E48D23C7-99DF-4732-80C5-6309C691E777}.Release|Any CPU.ActiveCfg = Release|Any CPU
		{E48D23C7-99DF-4732-80C5-6309C691E777}.Release|Any CPU.Build.0 = Release|Any CPU
	EndGlobalSection
	GlobalSection(SolutionProperties) = preSolution
		HideSolutionNode = FALSE
	EndGlobalSection
	GlobalSection(ExtensibilityGlobals) = postSolution
		SolutionGuid = {77DE60FF-7749-4F3E-B552-89058BC7D895}
	EndGlobalSection
EndGlobal
